
Microsoft Visual Studio Solution File, Format Version 12.00
# Visual Studio Version 17
VisualStudioVersion = 17.4.33205.214
MinimumVisualStudioVersion = 10.0.40219.1
Project("{FAE04EC0-301F-11D3-BF4B-00C04F79EFBC}") = "VariableReplace", "VariableReplace\VariableReplace.csproj", "{C095157E-7C8E-4B64-B9C9-7A189D8FFCD4}"
EndProject
Global
	GlobalSection(SolutionConfigurationPlatforms) = preSolution
		Debug|Any CPU = Debug|Any CPU
		Release|Any CPU = Release|Any CPU
	EndGlobalSection
	GlobalSection(ProjectConfigurationPlatforms) = postSolution
		{C095157E-7C8E-4B64-B9C9-7A189D8FFCD4}.Debug|Any CPU.ActiveCfg = Debug|Any CPU
		{C095157E-7C8E-4B64-B9C9-7A189D8FFCD4}.Debug|Any CPU.Build.0 = Debug|Any CPU
		{C095157E-7C8E-4B64-B9C9-7A189D8FFCD4}.Release|Any CPU.ActiveCfg = Release|Any CPU
		{C095157E-7C8E-4B64-B9C9-7A189D8FFCD4}.Release|Any CPU.Build.0 = Release|Any CPU
	EndGlobalSection
	GlobalSection(SolutionProperties) = preSolution
		HideSolutionNode = FALSE
	EndGlobalSection
	GlobalSection(ExtensibilityGlobals) = postSolution
		SolutionGuid = {2356F511-153A-41E8-9B7A-EDAED4B95981}
	EndGlobalSection
EndGlobal
